
Microsoft Visual Studio Solution File, Format Version 11.00
# Visual Studio 2010
Project("{FAE04EC0-301F-11D3-BF4B-00C04F79EFBC}") = "CourseProject", "CourseProject\CourseProject.csproj", "{519D50D8-43D9-439D-A88B-B2E34D157193}"
EndProject
Global
	GlobalSection(SolutionConfigurationPlatforms) = preSolution
		Debug|Any CPU = Debug|Any CPU
		Release|Any CPU = Release|Any CPU
	EndGlobalSection
	GlobalSection(ProjectConfigurationPlatforms) = postSolution
		{519D50D8-43D9-439D-A88B-B2E34D157193}.Debug|Any CPU.ActiveCfg = Debug|Any CPU
		{519D50D8-43D9-439D-A88B-B2E34D157193}.Debug|Any CPU.Build.0 = Debug|Any CPU
		{519D50D8-43D9-439D-A88B-B2E34D157193}.Release|Any CPU.ActiveCfg = Release|Any CPU
		{519D50D8-43D9-439D-A88B-B2E34D157193}.Release|Any CPU.Build.0 = Release|Any CPU
	EndGlobalSection
	GlobalSection(SolutionProperties) = preSolution
		HideSolutionNode = FALSE
	EndGlobalSection
EndGlobal
